
Microsoft Visual Studio Solution File, Format Version 12.00
Project("{FAE04EC0-301F-11D3-BF4B-00C04F79EFBC}") = "FOCR", "FOCR\FOCR.csproj", "{72FC2679-D5C2-4AAA-A05A-0E50E4D75EDE}"
EndProject
Global
	GlobalSection(SolutionConfigurationPlatforms) = preSolution
		Debug|Any CPU = Debug|Any CPU
		Release|Any CPU = Release|Any CPU
	EndGlobalSection
	GlobalSection(ProjectConfigurationPlatforms) = postSolution
		{72FC2679-D5C2-4AAA-A05A-0E50E4D75EDE}.Debug|Any CPU.ActiveCfg = Debug|Any CPU
		{72FC2679-D5C2-4AAA-A05A-0E50E4D75EDE}.Debug|Any CPU.Build.0 = Debug|Any CPU
		{72FC2679-D5C2-4AAA-A05A-0E50E4D75EDE}.Release|Any CPU.ActiveCfg = Release|Any CPU
		{72FC2679-D5C2-4AAA-A05A-0E50E4D75EDE}.Release|Any CPU.Build.0 = Release|Any CPU
	EndGlobalSection
EndGlobal
